{
  "nodes": {
    "brew-src": {
      "flake": false,
      "locked": {
        "lastModified": 1758543057,
        "narHash": "sha256-lw3V2jOGYphUFHYQ5oARcb6urlbNpUCLJy1qhsGdUmc=",
        "owner": "Homebrew",
        "repo": "brew",
        "rev": "5b236456eb93133c2bd0d60ef35ed63f1c0712f6",
        "type": "github"
      },
      "original": {
        "owner": "Homebrew",
        "ref": "4.6.12",
        "repo": "brew",
        "type": "github"
      }
    },
    "flake-compat": {
      "flake": false,
      "locked": {
        "lastModified": 1747046372,
        "narHash": "sha256-CIVLLkVgvHYbgI2UpXvIIBJ12HWgX+fjA8Xf8PUmqCY=",
        "owner": "edolstra",
        "repo": "flake-compat",
        "rev": "9100a0f413b0c601e0533d1d94ffd501ce2e7885",
        "type": "github"
      },
      "original": {
        "owner": "edolstra",
        "repo": "flake-compat",
        "type": "github"
      }
    },
    "flake-utils": {
      "inputs": {
        "systems": "systems"
      },
      "locked": {
        "lastModified": 1731533236,
        "narHash": "sha256-l0KFg5HjrsfsO/JpG+r7fRrqm12kzFHyUHqHCVpMMbI=",
        "owner": "numtide",
        "repo": "flake-utils",
        "rev": "11707dc2f618dd54ca8739b309ec4fc024de578b",
        "type": "github"
      },
      "original": {
        "owner": "numtide",
        "repo": "flake-utils",
        "type": "github"
      }
    },
    "geysermc-3p-cosmetics": {
      "flake": false,
      "locked": {
        "narHash": "sha256-kHgZDxOG8tK6jexWNva6VxougyFLAUv/0qHoGK9uQSs=",
        "type": "file",
        "url": "https://download.geysermc.org/v2/projects/thirdpartycosmetics/versions/latest/builds/latest/downloads/thirdpartycosmetics"
      },
      "original": {
        "type": "file",
        "url": "https://download.geysermc.org/v2/projects/thirdpartycosmetics/versions/latest/builds/latest/downloads/thirdpartycosmetics"
      }
    },
    "geysermc-floodgate-spigot": {
      "flake": false,
      "locked": {
        "narHash": "sha256-usrA9DN7aJT6fBvYo89/PJ3rh77pTFwjXkfvQ9kniJE=",
        "type": "file",
        "url": "https://download.geysermc.org/v2/projects/floodgate/versions/latest/builds/latest/downloads/spigot"
      },
      "original": {
        "type": "file",
        "url": "https://download.geysermc.org/v2/projects/floodgate/versions/latest/builds/latest/downloads/spigot"
      }
    },
    "geysermc-geyser-spigot": {
      "flake": false,
      "locked": {
        "narHash": "sha256-ov1pjadQ4H/zVgIHrFy7VQPDg5H0dmKwbryIp6fj5Vg=",
        "type": "file",
        "url": "https://download.geysermc.org/v2/projects/geyser/versions/latest/builds/latest/downloads/spigot"
      },
      "original": {
        "type": "file",
        "url": "https://download.geysermc.org/v2/projects/geyser/versions/latest/builds/latest/downloads/spigot"
      }
    },
    "geysermc-optional-pack": {
      "flake": false,
      "locked": {
        "narHash": "sha256-Qiyf5Aj40DAHqpg3N1TBU/o2qp2OTJOZMU4KngdXPoM=",
        "type": "file",
        "url": "https://download.geysermc.org/v2/projects/geyseroptionalpack/versions/latest/builds/latest/downloads/geyseroptionalpack"
      },
      "original": {
        "type": "file",
        "url": "https://download.geysermc.org/v2/projects/geyseroptionalpack/versions/latest/builds/latest/downloads/geyseroptionalpack"
      }
    },
    "home-manager": {
      "inputs": {
        "nixpkgs": [
          "nixpkgs"
        ]
      },
      "locked": {
        "lastModified": 1760462019,
        "narHash": "sha256-+3MyClxl8OBqb1s/C2d9a/q+VwlOLpgp3dfecHgt5o8=",
        "owner": "nix-community",
        "repo": "home-manager",
        "rev": "724bb5e56b07967c83368acc6c889f9044edca5f",
        "type": "github"
      },
      "original": {
        "owner": "nix-community",
        "repo": "home-manager",
        "type": "github"
      }
    },
    "homebrew-bundle": {
      "flake": false,
      "locked": {
        "lastModified": 1745335228,
        "narHash": "sha256-TIKR2UgtyUmHLNZp255/vLs+1I10hXe+sciMEbAGFwE=",
        "owner": "homebrew",
        "repo": "homebrew-bundle",
        "rev": "a3265c84b232e13048ecbf6fc18a2eedfadbeb08",
        "type": "github"
      },
      "original": {
        "owner": "homebrew",
        "repo": "homebrew-bundle",
        "type": "github"
      }
    },
    "homebrew-cask": {
      "flake": false,
      "locked": {
        "lastModified": 1760461683,
        "narHash": "sha256-wg3de53WZaGpO+2W3xpk5WmC3g0UwTiMCiOcnJ9vhtc=",
        "owner": "homebrew",
        "repo": "homebrew-cask",
        "rev": "b5a400de131ebddbcd8af84b7541cd25e732c934",
        "type": "github"
      },
      "original": {
        "owner": "homebrew",
        "repo": "homebrew-cask",
        "type": "github"
      }
    },
    "homebrew-core": {
      "flake": false,
      "locked": {
        "lastModified": 1760461637,
        "narHash": "sha256-5+m8Uu0ut5w1J6HpOpgJ1O06i8ic7WTOK/PbgOVTwZw=",
        "owner": "homebrew",
        "repo": "homebrew-core",
        "rev": "b6fcd24a5587a75dec2226b014023095a2ad613b",
        "type": "github"
      },
      "original": {
        "owner": "homebrew",
        "repo": "homebrew-core",
        "type": "github"
      }
    },
    "impermanence": {
      "locked": {
        "lastModified": 1737831083,
        "narHash": "sha256-LJggUHbpyeDvNagTUrdhe/pRVp4pnS6wVKALS782gRI=",
        "owner": "nix-community",
        "repo": "impermanence",
        "rev": "4b3e914cdf97a5b536a889e939fb2fd2b043a170",
        "type": "github"
      },
      "original": {
        "owner": "nix-community",
        "repo": "impermanence",
        "type": "github"
      }
    },
    "nix-darwin": {
      "inputs": {
        "nixpkgs": [
          "nixpkgs"
        ]
      },
      "locked": {
        "lastModified": 1760338583,
        "narHash": "sha256-IGwy02SH5K2hzIFrKMRsCmyvwOwWxrcquiv4DbKL1S4=",
        "owner": "nix-darwin",
        "repo": "nix-darwin",
        "rev": "9a9ab01072f78823ca627ae5e895e40d493c3ecf",
        "type": "github"
      },
      "original": {
        "owner": "nix-darwin",
        "ref": "master",
        "repo": "nix-darwin",
        "type": "github"
      }
    },
    "nix-homebrew": {
      "inputs": {
        "brew-src": "brew-src"
      },
      "locked": {
        "lastModified": 1758598228,
        "narHash": "sha256-qr60maXGbZ4FX5tejPRI3nr0bnRTnZ3AbbbfO6/6jq4=",
        "owner": "zhaofengli-wip",
        "repo": "nix-homebrew",
        "rev": "f36e5db56e117f7df701ab152d0d2036ea85218c",
        "type": "github"
      },
      "original": {
        "owner": "zhaofengli-wip",
        "repo": "nix-homebrew",
        "type": "github"
      }
    },
    "nix-minecraft": {
      "inputs": {
        "flake-compat": "flake-compat",
        "flake-utils": "flake-utils",
        "nixpkgs": "nixpkgs"
      },
      "locked": {
        "lastModified": 1760406860,
        "narHash": "sha256-f8BSmC/juCHkptH7MCI/6rAbgFjnvuNpZFaM79Cz7gI=",
        "owner": "Infinidoge",
        "repo": "nix-minecraft",
        "rev": "d7faac42b9378fb328c075d0009bf5360c3b70a3",
        "type": "github"
      },
      "original": {
        "owner": "Infinidoge",
        "repo": "nix-minecraft",
        "type": "github"
      }
    },
    "nixpkgs": {
      "locked": {
        "lastModified": 1748929857,
        "narHash": "sha256-lcZQ8RhsmhsK8u7LIFsJhsLh/pzR9yZ8yqpTzyGdj+Q=",
        "owner": "nixos",
        "repo": "nixpkgs",
        "rev": "c2a03962b8e24e669fb37b7df10e7c79531ff1a4",
        "type": "github"
      },
      "original": {
        "owner": "nixos",
        "ref": "nixos-unstable",
        "repo": "nixpkgs",
        "type": "github"
      }
    },
    "nixpkgs_2": {
      "locked": {
        "lastModified": 1760349414,
        "narHash": "sha256-W4Ri1ZwYuNcBzqQQa7NnWfrv0wHMo7rduTWjIeU9dZk=",
        "owner": "NixOS",
        "repo": "nixpkgs",
        "rev": "c12c63cd6c5eb34c7b4c3076c6a99e00fcab86ec",
        "type": "github"
      },
      "original": {
        "owner": "NixOS",
        "ref": "nixpkgs-unstable",
        "repo": "nixpkgs",
        "type": "github"
      }
    },
    "root": {
      "inputs": {
        "geysermc-3p-cosmetics": "geysermc-3p-cosmetics",
        "geysermc-floodgate-spigot": "geysermc-floodgate-spigot",
        "geysermc-geyser-spigot": "geysermc-geyser-spigot",
        "geysermc-optional-pack": "geysermc-optional-pack",
        "home-manager": "home-manager",
        "homebrew-bundle": "homebrew-bundle",
        "homebrew-cask": "homebrew-cask",
        "homebrew-core": "homebrew-core",
        "impermanence": "impermanence",
        "nix-darwin": "nix-darwin",
        "nix-homebrew": "nix-homebrew",
        "nix-minecraft": "nix-minecraft",
        "nixpkgs": "nixpkgs_2",
        "sops-nix": "sops-nix"
      }
    },
    "sops-nix": {
      "inputs": {
        "nixpkgs": [
          "nixpkgs"
        ]
      },
      "locked": {
        "lastModified": 1760393368,
        "narHash": "sha256-8mN3kqyqa2PKY0wwZ2UmMEYMcxvNTwLaOrrDsw6Qi4E=",
        "owner": "Mic92",
        "repo": "sops-nix",
        "rev": "ab8d56e85b8be14cff9d93735951e30c3e86a437",
        "type": "github"
      },
      "original": {
        "owner": "Mic92",
        "repo": "sops-nix",
        "type": "github"
      }
    },
    "systems": {
      "locked": {
        "lastModified": 1681028828,
        "narHash": "sha256-Vy1rq5AaRuLzOxct8nz4T6wlgyUR7zLU309k9mBC768=",
        "owner": "nix-systems",
        "repo": "default",
        "rev": "da67096a3b9bf56a91d16901293e51ba5b49a27e",
        "type": "github"
      },
      "original": {
        "owner": "nix-systems",
        "repo": "default",
        "type": "github"
      }
    }
  },
  "root": "root",
  "version": 7
}
