{
  "nodes": {
    "brew-src": {
      "flake": false,
      "locked": {
        "lastModified": 1756059815,
        "narHash": "sha256-UALOxoXoFIHbwKzcqbqCAqw5cC0MJEehLaWSet5vxfE=",
        "owner": "Homebrew",
        "repo": "brew",
        "rev": "02947ea4edbdef5fcce9ee57fa289547f4d096c9",
        "type": "github"
      },
      "original": {
        "owner": "Homebrew",
        "ref": "4.6.7",
        "repo": "brew",
        "type": "github"
      }
    },
    "flake-compat": {
      "flake": false,
      "locked": {
        "lastModified": 1747046372,
        "narHash": "sha256-CIVLLkVgvHYbgI2UpXvIIBJ12HWgX+fjA8Xf8PUmqCY=",
        "owner": "edolstra",
        "repo": "flake-compat",
        "rev": "9100a0f413b0c601e0533d1d94ffd501ce2e7885",
        "type": "github"
      },
      "original": {
        "owner": "edolstra",
        "repo": "flake-compat",
        "type": "github"
      }
    },
    "flake-utils": {
      "inputs": {
        "systems": "systems"
      },
      "locked": {
        "lastModified": 1731533236,
        "narHash": "sha256-l0KFg5HjrsfsO/JpG+r7fRrqm12kzFHyUHqHCVpMMbI=",
        "owner": "numtide",
        "repo": "flake-utils",
        "rev": "11707dc2f618dd54ca8739b309ec4fc024de578b",
        "type": "github"
      },
      "original": {
        "owner": "numtide",
        "repo": "flake-utils",
        "type": "github"
      }
    },
    "geysermc-3p-cosmetics": {
      "flake": false,
      "locked": {
        "narHash": "sha256-kHgZDxOG8tK6jexWNva6VxougyFLAUv/0qHoGK9uQSs=",
        "type": "file",
        "url": "https://download.geysermc.org/v2/projects/thirdpartycosmetics/versions/latest/builds/latest/downloads/thirdpartycosmetics"
      },
      "original": {
        "type": "file",
        "url": "https://download.geysermc.org/v2/projects/thirdpartycosmetics/versions/latest/builds/latest/downloads/thirdpartycosmetics"
      }
    },
    "geysermc-floodgate-spigot": {
      "flake": false,
      "locked": {
        "narHash": "sha256-S0BgsTFSMcqfwnLg5vFU2SRT1REBo+sJ9ZSwvx6H8/g=",
        "type": "file",
        "url": "https://download.geysermc.org/v2/projects/floodgate/versions/latest/builds/latest/downloads/spigot"
      },
      "original": {
        "type": "file",
        "url": "https://download.geysermc.org/v2/projects/floodgate/versions/latest/builds/latest/downloads/spigot"
      }
    },
    "geysermc-geyser-spigot": {
      "flake": false,
      "locked": {
        "narHash": "sha256-wjE5BN/KMcV4zt4XGFgkU6wP5uNcP7rcPdsP9jGdWec=",
        "type": "file",
        "url": "https://download.geysermc.org/v2/projects/geyser/versions/latest/builds/latest/downloads/spigot"
      },
      "original": {
        "type": "file",
        "url": "https://download.geysermc.org/v2/projects/geyser/versions/latest/builds/latest/downloads/spigot"
      }
    },
    "geysermc-optional-pack": {
      "flake": false,
      "locked": {
        "narHash": "sha256-eBsrjx/sWP3P6LjncJP0sLJbD9lVXI8+YLlchJ3foCM=",
        "type": "file",
        "url": "https://download.geysermc.org/v2/projects/geyseroptionalpack/versions/latest/builds/latest/downloads/geyseroptionalpack"
      },
      "original": {
        "type": "file",
        "url": "https://download.geysermc.org/v2/projects/geyseroptionalpack/versions/latest/builds/latest/downloads/geyseroptionalpack"
      }
    },
    "home-manager": {
      "inputs": {
        "nixpkgs": [
          "nixpkgs"
        ]
      },
      "locked": {
        "lastModified": 1757075491,
        "narHash": "sha256-a+NMGl5tcvm+hyfSG2DlVPa8nZLpsumuRj1FfcKb2mQ=",
        "owner": "nix-community",
        "repo": "home-manager",
        "rev": "f56bf065f9abedc7bc15e1f2454aa5c8edabaacf",
        "type": "github"
      },
      "original": {
        "owner": "nix-community",
        "repo": "home-manager",
        "type": "github"
      }
    },
    "homebrew-bundle": {
      "flake": false,
      "locked": {
        "lastModified": 1745335228,
        "narHash": "sha256-TIKR2UgtyUmHLNZp255/vLs+1I10hXe+sciMEbAGFwE=",
        "owner": "homebrew",
        "repo": "homebrew-bundle",
        "rev": "a3265c84b232e13048ecbf6fc18a2eedfadbeb08",
        "type": "github"
      },
      "original": {
        "owner": "homebrew",
        "repo": "homebrew-bundle",
        "type": "github"
      }
    },
    "homebrew-cask": {
      "flake": false,
      "locked": {
        "lastModified": 1757090641,
        "narHash": "sha256-hJtbm0eGeKXMUTFkqFSG6Pw2pxKmB8CxN2sKsUUd/Sk=",
        "owner": "homebrew",
        "repo": "homebrew-cask",
        "rev": "91447159a2888354dd8e14b252492ec81d2e2917",
        "type": "github"
      },
      "original": {
        "owner": "homebrew",
        "repo": "homebrew-cask",
        "type": "github"
      }
    },
    "homebrew-core": {
      "flake": false,
      "locked": {
        "lastModified": 1757084053,
        "narHash": "sha256-qFcdqU7IjiGLrnmrUjL8yyWqJLp6kGb6RYUqsd6YIn0=",
        "owner": "homebrew",
        "repo": "homebrew-core",
        "rev": "a514870525ae4d589bd6de75aaf3445554b891e6",
        "type": "github"
      },
      "original": {
        "owner": "homebrew",
        "repo": "homebrew-core",
        "type": "github"
      }
    },
    "impermanence": {
      "locked": {
        "lastModified": 1737831083,
        "narHash": "sha256-LJggUHbpyeDvNagTUrdhe/pRVp4pnS6wVKALS782gRI=",
        "owner": "nix-community",
        "repo": "impermanence",
        "rev": "4b3e914cdf97a5b536a889e939fb2fd2b043a170",
        "type": "github"
      },
      "original": {
        "owner": "nix-community",
        "repo": "impermanence",
        "type": "github"
      }
    },
    "nix-darwin": {
      "inputs": {
        "nixpkgs": [
          "nixpkgs"
        ]
      },
      "locked": {
        "lastModified": 1757015938,
        "narHash": "sha256-1qBXNK/QxEjCqIoA2DxWn5gqM8rVxt+OxKodXu1GLTY=",
        "owner": "nix-darwin",
        "repo": "nix-darwin",
        "rev": "eaacfa1101b84225491d2ceae9549366d74dc214",
        "type": "github"
      },
      "original": {
        "owner": "nix-darwin",
        "ref": "master",
        "repo": "nix-darwin",
        "type": "github"
      }
    },
    "nix-homebrew": {
      "inputs": {
        "brew-src": "brew-src"
      },
      "locked": {
        "lastModified": 1756398546,
        "narHash": "sha256-n4GVDLhKu65XFraJuCzap2AaZji4xhPaZMTJ8aQdD3s=",
        "owner": "zhaofengli-wip",
        "repo": "nix-homebrew",
        "rev": "3aa475996cb3bc1ecefa88c99c466e6f0bc17431",
        "type": "github"
      },
      "original": {
        "owner": "zhaofengli-wip",
        "repo": "nix-homebrew",
        "type": "github"
      }
    },
    "nix-minecraft": {
      "inputs": {
        "flake-compat": "flake-compat",
        "flake-utils": "flake-utils",
        "nixpkgs": "nixpkgs"
      },
      "locked": {
        "lastModified": 1756950642,
        "narHash": "sha256-JybxDkwS6zqIbkFdeACJdUy8UOKeNRSi9fSUWUQB+mM=",
        "owner": "Infinidoge",
        "repo": "nix-minecraft",
        "rev": "0ec356a4d55f05ec930f410fb138a45e275f6eec",
        "type": "github"
      },
      "original": {
        "owner": "Infinidoge",
        "repo": "nix-minecraft",
        "type": "github"
      }
    },
    "nixpkgs": {
      "locked": {
        "lastModified": 1748929857,
        "narHash": "sha256-lcZQ8RhsmhsK8u7LIFsJhsLh/pzR9yZ8yqpTzyGdj+Q=",
        "owner": "nixos",
        "repo": "nixpkgs",
        "rev": "c2a03962b8e24e669fb37b7df10e7c79531ff1a4",
        "type": "github"
      },
      "original": {
        "owner": "nixos",
        "ref": "nixos-unstable",
        "repo": "nixpkgs",
        "type": "github"
      }
    },
    "nixpkgs_2": {
      "locked": {
        "lastModified": 1756911493,
        "narHash": "sha256-6n/n1GZQ/vi+LhFXMSyoseKdNfc2QQaSBXJdgamrbkE=",
        "owner": "NixOS",
        "repo": "nixpkgs",
        "rev": "c6a788f552b7b7af703b1a29802a7233c0067908",
        "type": "github"
      },
      "original": {
        "owner": "NixOS",
        "ref": "nixpkgs-unstable",
        "repo": "nixpkgs",
        "type": "github"
      }
    },
    "root": {
      "inputs": {
        "geysermc-3p-cosmetics": "geysermc-3p-cosmetics",
        "geysermc-floodgate-spigot": "geysermc-floodgate-spigot",
        "geysermc-geyser-spigot": "geysermc-geyser-spigot",
        "geysermc-optional-pack": "geysermc-optional-pack",
        "home-manager": "home-manager",
        "homebrew-bundle": "homebrew-bundle",
        "homebrew-cask": "homebrew-cask",
        "homebrew-core": "homebrew-core",
        "impermanence": "impermanence",
        "nix-darwin": "nix-darwin",
        "nix-homebrew": "nix-homebrew",
        "nix-minecraft": "nix-minecraft",
        "nixpkgs": "nixpkgs_2",
        "sops-nix": "sops-nix"
      }
    },
    "sops-nix": {
      "inputs": {
        "nixpkgs": [
          "nixpkgs"
        ]
      },
      "locked": {
        "lastModified": 1754988908,
        "narHash": "sha256-t+voe2961vCgrzPFtZxha0/kmFSHFobzF00sT8p9h0U=",
        "owner": "Mic92",
        "repo": "sops-nix",
        "rev": "3223c7a92724b5d804e9988c6b447a0d09017d48",
        "type": "github"
      },
      "original": {
        "owner": "Mic92",
        "repo": "sops-nix",
        "type": "github"
      }
    },
    "systems": {
      "locked": {
        "lastModified": 1681028828,
        "narHash": "sha256-Vy1rq5AaRuLzOxct8nz4T6wlgyUR7zLU309k9mBC768=",
        "owner": "nix-systems",
        "repo": "default",
        "rev": "da67096a3b9bf56a91d16901293e51ba5b49a27e",
        "type": "github"
      },
      "original": {
        "owner": "nix-systems",
        "repo": "default",
        "type": "github"
      }
    }
  },
  "root": "root",
  "version": 7
}
