---
name: Update flake.lock
on:
  schedule:
    # 5PM UTC --> 3AM AEST
    - cron: 0 17 * * *
  workflow_dispatch:
jobs:
  build:
  # On a Ubuntu machine
    runs-on: ubuntu-latest
    steps:
      - uses: actions/checkout@v4 #checkout the repo
        with:
          token: ${{ secrets.ACTION_TOKEN }}
          fetch-depth: 0
      # Install nix with flake support
      - uses: cachix/install-nix-action@v31
      # Run the update which will change flake.lock
      - run: nix flake update
      # Detect changed file and commit back up
      - uses: EndBug/add-and-commit@v9
        with:
          add: flake.lock
          author_name: Flake Bot
          author_email: actions@github.com
          commit: --no-verify --signoff
          default_author: github_actions
          message: 'Auto-update flake.lock'
          tag: 'nightly --force'
          tag_push: '--force'